
Microsoft Visual Studio Solution File, Format Version 12.00
# Visual Studio 2013
VisualStudioVersion = 12.0.21005.1
MinimumVisualStudioVersion = 10.0.40219.1
Project("{2150E333-8FDC-42A3-9474-1A3956D46DE8}") = "Core", "Core", "{9AA53D9E-CBB6-40B7-973B-964EBE8B5D48}"
EndProject
Project("{2150E333-8FDC-42A3-9474-1A3956D46DE8}") = "Game", "Game", "{F62373DC-CFBF-4DF5-BAAD-E34E1B591EC1}"
EndProject
Project("{8BC9CEB8-8B4A-11D0-8D11-00A0C91BC942}") = "libcocos2d", "..\..\Code_Core\cocos2dx\proj.win32\cocos2d.vcxproj", "{98A51BA8-FC3A-415B-AC8F-8C7BD464E93E}"
EndProject
Project("{8BC9CEB8-8B4A-11D0-8D11-00A0C91BC942}") = "libCocosDenshion", "..\..\Code_Core\CocosDenshion\proj.win32\CocosDenshion.vcxproj", "{F8EDD7FA-9A51-4E80-BAEB-860825D2EAC6}"
	ProjectSection(ProjectDependencies) = postProject
		{98A51BA8-FC3A-415B-AC8F-8C7BD464E93E} = {98A51BA8-FC3A-415B-AC8F-8C7BD464E93E}
	EndProjectSection
EndProject
Project("{8BC9CEB8-8B4A-11D0-8D11-00A0C91BC942}") = "libExtensions", "..\..\Code_Core\extensions\proj.win32\libExtensions.vcxproj", "{21B2C324-891F-48EA-AD1A-5AE13DE12E28}"
	ProjectSection(ProjectDependencies) = postProject
		{98A51BA8-FC3A-415B-AC8F-8C7BD464E93E} = {98A51BA8-FC3A-415B-AC8F-8C7BD464E93E}
	EndProjectSection
EndProject
Project("{8BC9CEB8-8B4A-11D0-8D11-00A0C91BC942}") = "libBox2D", "..\..\Code_Core\external\Box2D\proj.win32\Box2D.vcxproj", "{929480E7-23C0-4DF6-8456-096D71547116}"
EndProject
Project("{8BC9CEB8-8B4A-11D0-8D11-00A0C91BC942}") = "libchipmunk", "..\..\Code_Core\external\chipmunk\proj.win32\chipmunk.vcxproj", "{207BC7A9-CCF1-4F2F-A04D-45F72242AE25}"
EndProject
Project("{8BC9CEB8-8B4A-11D0-8D11-00A0C91BC942}") = "liblua", "..\..\Code_Core\scripting\lua\proj.win32\liblua.vcxproj", "{D5892D80-3FEE-40CE-B870-490CB498BC07}"
EndProject
Project("{8BC9CEB8-8B4A-11D0-8D11-00A0C91BC942}") = "CardGame", "Game\proj.win32\Game.vcxproj", "{4E6A7A0E-DDD8-4BAA-8B22-C964069364ED}"
	ProjectSection(ProjectDependencies) = postProject
		{21B2C324-891F-48EA-AD1A-5AE13DE12E28} = {21B2C324-891F-48EA-AD1A-5AE13DE12E28}
		{C759C42E-E972-4D0A-B9E0-0FD0C32FD96E} = {C759C42E-E972-4D0A-B9E0-0FD0C32FD96E}
		{B84F7231-16CE-41D8-8C08-7B523FF4225B} = {B84F7231-16CE-41D8-8C08-7B523FF4225B}
		{7B865A41-BDAD-4B06-A954-43E114EC2A83} = {7B865A41-BDAD-4B06-A954-43E114EC2A83}
		{9BC43D5E-4781-4C11-8679-B9D6D4E2AAFA} = {9BC43D5E-4781-4C11-8679-B9D6D4E2AAFA}
		{A86C5E61-4A06-469D-8213-0C1990A8219F} = {A86C5E61-4A06-469D-8213-0C1990A8219F}
		{D5892D80-3FEE-40CE-B870-490CB498BC07} = {D5892D80-3FEE-40CE-B870-490CB498BC07}
		{98A51BA8-FC3A-415B-AC8F-8C7BD464E93E} = {98A51BA8-FC3A-415B-AC8F-8C7BD464E93E}
		{207BC7A9-CCF1-4F2F-A04D-45F72242AE25} = {207BC7A9-CCF1-4F2F-A04D-45F72242AE25}
		{929480E7-23C0-4DF6-8456-096D71547116} = {929480E7-23C0-4DF6-8456-096D71547116}
		{F8EDD7FA-9A51-4E80-BAEB-860825D2EAC6} = {F8EDD7FA-9A51-4E80-BAEB-860825D2EAC6}
	EndProjectSection
EndProject
Project("{8BC9CEB8-8B4A-11D0-8D11-00A0C91BC942}") = "core", "..\..\Code_Core\core\proj.win32\core.vcxproj", "{C759C42E-E972-4D0A-B9E0-0FD0C32FD96E}"
EndProject
Project("{8BC9CEB8-8B4A-11D0-8D11-00A0C91BC942}") = "lib_json", "..\..\Code_Core\jsoncpp-src-0.5.0\makefiles\vs71\lib_json.vcxproj", "{B84F7231-16CE-41D8-8C08-7B523FF4225B}"
EndProject
Project("{8BC9CEB8-8B4A-11D0-8D11-00A0C91BC942}") = "libOS", "..\libOS\win32\libOS.vcxproj", "{9BC43D5E-4781-4C11-8679-B9D6D4E2AAFA}"
EndProject
Project("{8BC9CEB8-8B4A-11D0-8D11-00A0C91BC942}") = "91lib", "..\91lib\win32\91lib.vcxproj", "{7B865A41-BDAD-4B06-A954-43E114EC2A83}"
EndProject
Project("{8BC9CEB8-8B4A-11D0-8D11-00A0C91BC942}") = "com4loves", "..\com4lovesSDK\com4loves\com4loves.vcxproj", "{A86C5E61-4A06-469D-8213-0C1990A8219F}"
EndProject
Project("{8BC9CEB8-8B4A-11D0-8D11-00A0C91BC942}") = "Utility", "..\..\Code_Core\Utility\encryption_aes.vcxproj", "{7585E6F6-0BC7-4AA8-BE41-E3ACD6857878}"
	ProjectSection(ProjectDependencies) = postProject
		{21B2C324-891F-48EA-AD1A-5AE13DE12E28} = {21B2C324-891F-48EA-AD1A-5AE13DE12E28}
		{C759C42E-E972-4D0A-B9E0-0FD0C32FD96E} = {C759C42E-E972-4D0A-B9E0-0FD0C32FD96E}
		{B84F7231-16CE-41D8-8C08-7B523FF4225B} = {B84F7231-16CE-41D8-8C08-7B523FF4225B}
		{D5892D80-3FEE-40CE-B870-490CB498BC07} = {D5892D80-3FEE-40CE-B870-490CB498BC07}
		{98A51BA8-FC3A-415B-AC8F-8C7BD464E93E} = {98A51BA8-FC3A-415B-AC8F-8C7BD464E93E}
		{F8EDD7FA-9A51-4E80-BAEB-860825D2EAC6} = {F8EDD7FA-9A51-4E80-BAEB-860825D2EAC6}
	EndProjectSection
EndProject
Project("{5697748A-77EF-44CA-8824-4F5637E5945B}") = "temp_CardGame", "C:\Users\Administrator\Documents\BabeLua\Project\temp_CardGame\temp_CardGame.luaproj", "{E439935D-B2A2-46AE-856D-2AA408428F33}"
EndProject
Global
	GlobalSection(SolutionConfigurationPlatforms) = preSolution
		Debug|Any CPU = Debug|Any CPU
		Debug|Mixed Platforms = Debug|Mixed Platforms
		Debug|Win32 = Debug|Win32
		dummy|Any CPU = dummy|Any CPU
		dummy|Mixed Platforms = dummy|Mixed Platforms
		dummy|Win32 = dummy|Win32
		Release|Any CPU = Release|Any CPU
		Release|Mixed Platforms = Release|Mixed Platforms
		Release|Win32 = Release|Win32
	EndGlobalSection
	GlobalSection(ProjectConfigurationPlatforms) = postSolution
		{98A51BA8-FC3A-415B-AC8F-8C7BD464E93E}.Debug|Any CPU.ActiveCfg = Debug|Win32
		{98A51BA8-FC3A-415B-AC8F-8C7BD464E93E}.Debug|Mixed Platforms.ActiveCfg = Debug|Win32
		{98A51BA8-FC3A-415B-AC8F-8C7BD464E93E}.Debug|Mixed Platforms.Build.0 = Debug|Win32
		{98A51BA8-FC3A-415B-AC8F-8C7BD464E93E}.Debug|Win32.ActiveCfg = Debug|Win32
		{98A51BA8-FC3A-415B-AC8F-8C7BD464E93E}.Debug|Win32.Build.0 = Debug|Win32
		{98A51BA8-FC3A-415B-AC8F-8C7BD464E93E}.dummy|Any CPU.ActiveCfg = Debug|Win32
		{98A51BA8-FC3A-415B-AC8F-8C7BD464E93E}.dummy|Mixed Platforms.ActiveCfg = Debug|Win32
		{98A51BA8-FC3A-415B-AC8F-8C7BD464E93E}.dummy|Mixed Platforms.Build.0 = Debug|Win32
		{98A51BA8-FC3A-415B-AC8F-8C7BD464E93E}.dummy|Win32.ActiveCfg = Debug|Win32
		{98A51BA8-FC3A-415B-AC8F-8C7BD464E93E}.dummy|Win32.Build.0 = Debug|Win32
		{98A51BA8-FC3A-415B-AC8F-8C7BD464E93E}.Release|Any CPU.ActiveCfg = Release|Win32
		{98A51BA8-FC3A-415B-AC8F-8C7BD464E93E}.Release|Mixed Platforms.ActiveCfg = Release|Win32
		{98A51BA8-FC3A-415B-AC8F-8C7BD464E93E}.Release|Mixed Platforms.Build.0 = Release|Win32
		{98A51BA8-FC3A-415B-AC8F-8C7BD464E93E}.Release|Win32.ActiveCfg = Release|Win32
		{98A51BA8-FC3A-415B-AC8F-8C7BD464E93E}.Release|Win32.Build.0 = Release|Win32
		{F8EDD7FA-9A51-4E80-BAEB-860825D2EAC6}.Debug|Any CPU.ActiveCfg = Debug|Win32
		{F8EDD7FA-9A51-4E80-BAEB-860825D2EAC6}.Debug|Mixed Platforms.ActiveCfg = Debug|Win32
		{F8EDD7FA-9A51-4E80-BAEB-860825D2EAC6}.Debug|Mixed Platforms.Build.0 = Debug|Win32
		{F8EDD7FA-9A51-4E80-BAEB-860825D2EAC6}.Debug|Win32.ActiveCfg = Debug|Win32
		{F8EDD7FA-9A51-4E80-BAEB-860825D2EAC6}.Debug|Win32.Build.0 = Debug|Win32
		{F8EDD7FA-9A51-4E80-BAEB-860825D2EAC6}.dummy|Any CPU.ActiveCfg = Debug|Win32
		{F8EDD7FA-9A51-4E80-BAEB-860825D2EAC6}.dummy|Mixed Platforms.ActiveCfg = Debug|Win32
		{F8EDD7FA-9A51-4E80-BAEB-860825D2EAC6}.dummy|Mixed Platforms.Build.0 = Debug|Win32
		{F8EDD7FA-9A51-4E80-BAEB-860825D2EAC6}.dummy|Win32.ActiveCfg = Debug|Win32
		{F8EDD7FA-9A51-4E80-BAEB-860825D2EAC6}.dummy|Win32.Build.0 = Debug|Win32
		{F8EDD7FA-9A51-4E80-BAEB-860825D2EAC6}.Release|Any CPU.ActiveCfg = Release|Win32
		{F8EDD7FA-9A51-4E80-BAEB-860825D2EAC6}.Release|Mixed Platforms.ActiveCfg = Release|Win32
		{F8EDD7FA-9A51-4E80-BAEB-860825D2EAC6}.Release|Mixed Platforms.Build.0 = Release|Win32
		{F8EDD7FA-9A51-4E80-BAEB-860825D2EAC6}.Release|Win32.ActiveCfg = Release|Win32
		{F8EDD7FA-9A51-4E80-BAEB-860825D2EAC6}.Release|Win32.Build.0 = Release|Win32
		{21B2C324-891F-48EA-AD1A-5AE13DE12E28}.Debug|Any CPU.ActiveCfg = Debug|Win32
		{21B2C324-891F-48EA-AD1A-5AE13DE12E28}.Debug|Mixed Platforms.ActiveCfg = Debug|Win32
		{21B2C324-891F-48EA-AD1A-5AE13DE12E28}.Debug|Mixed Platforms.Build.0 = Debug|Win32
		{21B2C324-891F-48EA-AD1A-5AE13DE12E28}.Debug|Win32.ActiveCfg = Debug|Win32
		{21B2C324-891F-48EA-AD1A-5AE13DE12E28}.Debug|Win32.Build.0 = Debug|Win32
		{21B2C324-891F-48EA-AD1A-5AE13DE12E28}.dummy|Any CPU.ActiveCfg = Debug|Win32
		{21B2C324-891F-48EA-AD1A-5AE13DE12E28}.dummy|Mixed Platforms.ActiveCfg = Debug|Win32
		{21B2C324-891F-48EA-AD1A-5AE13DE12E28}.dummy|Mixed Platforms.Build.0 = Debug|Win32
		{21B2C324-891F-48EA-AD1A-5AE13DE12E28}.dummy|Win32.ActiveCfg = Debug|Win32
		{21B2C324-891F-48EA-AD1A-5AE13DE12E28}.dummy|Win32.Build.0 = Debug|Win32
		{21B2C324-891F-48EA-AD1A-5AE13DE12E28}.Release|Any CPU.ActiveCfg = Release|Win32
		{21B2C324-891F-48EA-AD1A-5AE13DE12E28}.Release|Mixed Platforms.ActiveCfg = Release|Win32
		{21B2C324-891F-48EA-AD1A-5AE13DE12E28}.Release|Mixed Platforms.Build.0 = Release|Win32
		{21B2C324-891F-48EA-AD1A-5AE13DE12E28}.Release|Win32.ActiveCfg = Release|Win32
		{21B2C324-891F-48EA-AD1A-5AE13DE12E28}.Release|Win32.Build.0 = Release|Win32
		{929480E7-23C0-4DF6-8456-096D71547116}.Debug|Any CPU.ActiveCfg = Debug|Win32
		{929480E7-23C0-4DF6-8456-096D71547116}.Debug|Mixed Platforms.ActiveCfg = Debug|Win32
		{929480E7-23C0-4DF6-8456-096D71547116}.Debug|Mixed Platforms.Build.0 = Debug|Win32
		{929480E7-23C0-4DF6-8456-096D71547116}.Debug|Win32.ActiveCfg = Debug|Win32
		{929480E7-23C0-4DF6-8456-096D71547116}.Debug|Win32.Build.0 = Debug|Win32
		{929480E7-23C0-4DF6-8456-096D71547116}.dummy|Any CPU.ActiveCfg = Debug|Win32
		{929480E7-23C0-4DF6-8456-096D71547116}.dummy|Mixed Platforms.ActiveCfg = Debug|Win32
		{929480E7-23C0-4DF6-8456-096D71547116}.dummy|Mixed Platforms.Build.0 = Debug|Win32
		{929480E7-23C0-4DF6-8456-096D71547116}.dummy|Win32.ActiveCfg = Debug|Win32
		{929480E7-23C0-4DF6-8456-096D71547116}.dummy|Win32.Build.0 = Debug|Win32
		{929480E7-23C0-4DF6-8456-096D71547116}.Release|Any CPU.ActiveCfg = Release|Win32
		{929480E7-23C0-4DF6-8456-096D71547116}.Release|Mixed Platforms.ActiveCfg = Release|Win32
		{929480E7-23C0-4DF6-8456-096D71547116}.Release|Mixed Platforms.Build.0 = Release|Win32
		{929480E7-23C0-4DF6-8456-096D71547116}.Release|Win32.ActiveCfg = Release|Win32
		{929480E7-23C0-4DF6-8456-096D71547116}.Release|Win32.Build.0 = Release|Win32
		{207BC7A9-CCF1-4F2F-A04D-45F72242AE25}.Debug|Any CPU.ActiveCfg = Debug|Win32
		{207BC7A9-CCF1-4F2F-A04D-45F72242AE25}.Debug|Mixed Platforms.ActiveCfg = Debug|Win32
		{207BC7A9-CCF1-4F2F-A04D-45F72242AE25}.Debug|Mixed Platforms.Build.0 = Debug|Win32
		{207BC7A9-CCF1-4F2F-A04D-45F72242AE25}.Debug|Win32.ActiveCfg = Debug|Win32
		{207BC7A9-CCF1-4F2F-A04D-45F72242AE25}.Debug|Win32.Build.0 = Debug|Win32
		{207BC7A9-CCF1-4F2F-A04D-45F72242AE25}.dummy|Any CPU.ActiveCfg = Debug|Win32
		{207BC7A9-CCF1-4F2F-A04D-45F72242AE25}.dummy|Mixed Platforms.ActiveCfg = Debug|Win32
		{207BC7A9-CCF1-4F2F-A04D-45F72242AE25}.dummy|Mixed Platforms.Build.0 = Debug|Win32
		{207BC7A9-CCF1-4F2F-A04D-45F72242AE25}.dummy|Win32.ActiveCfg = Debug|Win32
		{207BC7A9-CCF1-4F2F-A04D-45F72242AE25}.dummy|Win32.Build.0 = Debug|Win32
		{207BC7A9-CCF1-4F2F-A04D-45F72242AE25}.Release|Any CPU.ActiveCfg = Release|Win32
		{207BC7A9-CCF1-4F2F-A04D-45F72242AE25}.Release|Mixed Platforms.ActiveCfg = Release|Win32
		{207BC7A9-CCF1-4F2F-A04D-45F72242AE25}.Release|Mixed Platforms.Build.0 = Release|Win32
		{207BC7A9-CCF1-4F2F-A04D-45F72242AE25}.Release|Win32.ActiveCfg = Release|Win32
		{207BC7A9-CCF1-4F2F-A04D-45F72242AE25}.Release|Win32.Build.0 = Release|Win32
		{D5892D80-3FEE-40CE-B870-490CB498BC07}.Debug|Any CPU.ActiveCfg = Debug|Win32
		{D5892D80-3FEE-40CE-B870-490CB498BC07}.Debug|Mixed Platforms.ActiveCfg = Debug|Win32
		{D5892D80-3FEE-40CE-B870-490CB498BC07}.Debug|Mixed Platforms.Build.0 = Debug|Win32
		{D5892D80-3FEE-40CE-B870-490CB498BC07}.Debug|Win32.ActiveCfg = Debug|Win32
		{D5892D80-3FEE-40CE-B870-490CB498BC07}.Debug|Win32.Build.0 = Debug|Win32
		{D5892D80-3FEE-40CE-B870-490CB498BC07}.dummy|Any CPU.ActiveCfg = Debug|Win32
		{D5892D80-3FEE-40CE-B870-490CB498BC07}.dummy|Mixed Platforms.ActiveCfg = Debug|Win32
		{D5892D80-3FEE-40CE-B870-490CB498BC07}.dummy|Mixed Platforms.Build.0 = Debug|Win32
		{D5892D80-3FEE-40CE-B870-490CB498BC07}.dummy|Win32.ActiveCfg = Debug|Win32
		{D5892D80-3FEE-40CE-B870-490CB498BC07}.dummy|Win32.Build.0 = Debug|Win32
		{D5892D80-3FEE-40CE-B870-490CB498BC07}.Release|Any CPU.ActiveCfg = Release|Win32
		{D5892D80-3FEE-40CE-B870-490CB498BC07}.Release|Mixed Platforms.ActiveCfg = Release|Win32
		{D5892D80-3FEE-40CE-B870-490CB498BC07}.Release|Mixed Platforms.Build.0 = Release|Win32
		{D5892D80-3FEE-40CE-B870-490CB498BC07}.Release|Win32.ActiveCfg = Release|Win32
		{D5892D80-3FEE-40CE-B870-490CB498BC07}.Release|Win32.Build.0 = Release|Win32
		{4E6A7A0E-DDD8-4BAA-8B22-C964069364ED}.Debug|Any CPU.ActiveCfg = Debug|Win32
		{4E6A7A0E-DDD8-4BAA-8B22-C964069364ED}.Debug|Mixed Platforms.ActiveCfg = Debug|Win32
		{4E6A7A0E-DDD8-4BAA-8B22-C964069364ED}.Debug|Mixed Platforms.Build.0 = Debug|Win32
		{4E6A7A0E-DDD8-4BAA-8B22-C964069364ED}.Debug|Win32.ActiveCfg = Debug|Win32
		{4E6A7A0E-DDD8-4BAA-8B22-C964069364ED}.Debug|Win32.Build.0 = Debug|Win32
		{4E6A7A0E-DDD8-4BAA-8B22-C964069364ED}.dummy|Any CPU.ActiveCfg = Debug|Win32
		{4E6A7A0E-DDD8-4BAA-8B22-C964069364ED}.dummy|Mixed Platforms.ActiveCfg = Debug|Win32
		{4E6A7A0E-DDD8-4BAA-8B22-C964069364ED}.dummy|Mixed Platforms.Build.0 = Debug|Win32
		{4E6A7A0E-DDD8-4BAA-8B22-C964069364ED}.dummy|Win32.ActiveCfg = Debug|Win32
		{4E6A7A0E-DDD8-4BAA-8B22-C964069364ED}.dummy|Win32.Build.0 = Debug|Win32
		{4E6A7A0E-DDD8-4BAA-8B22-C964069364ED}.Release|Any CPU.ActiveCfg = Release|Win32
		{4E6A7A0E-DDD8-4BAA-8B22-C964069364ED}.Release|Mixed Platforms.ActiveCfg = Release|Win32
		{4E6A7A0E-DDD8-4BAA-8B22-C964069364ED}.Release|Mixed Platforms.Build.0 = Release|Win32
		{4E6A7A0E-DDD8-4BAA-8B22-C964069364ED}.Release|Win32.ActiveCfg = Release|Win32
		{4E6A7A0E-DDD8-4BAA-8B22-C964069364ED}.Release|Win32.Build.0 = Release|Win32
		{C759C42E-E972-4D0A-B9E0-0FD0C32FD96E}.Debug|Any CPU.ActiveCfg = Debug|Win32
		{C759C42E-E972-4D0A-B9E0-0FD0C32FD96E}.Debug|Mixed Platforms.ActiveCfg = Debug|Win32
		{C759C42E-E972-4D0A-B9E0-0FD0C32FD96E}.Debug|Mixed Platforms.Build.0 = Debug|Win32
		{C759C42E-E972-4D0A-B9E0-0FD0C32FD96E}.Debug|Win32.ActiveCfg = Debug|Win32
		{C759C42E-E972-4D0A-B9E0-0FD0C32FD96E}.Debug|Win32.Build.0 = Debug|Win32
		{C759C42E-E972-4D0A-B9E0-0FD0C32FD96E}.dummy|Any CPU.ActiveCfg = Debug|Win32
		{C759C42E-E972-4D0A-B9E0-0FD0C32FD96E}.dummy|Mixed Platforms.ActiveCfg = Debug|Win32
		{C759C42E-E972-4D0A-B9E0-0FD0C32FD96E}.dummy|Mixed Platforms.Build.0 = Debug|Win32
		{C759C42E-E972-4D0A-B9E0-0FD0C32FD96E}.dummy|Win32.ActiveCfg = Debug|Win32
		{C759C42E-E972-4D0A-B9E0-0FD0C32FD96E}.dummy|Win32.Build.0 = Debug|Win32
		{C759C42E-E972-4D0A-B9E0-0FD0C32FD96E}.Release|Any CPU.ActiveCfg = Release|Win32
		{C759C42E-E972-4D0A-B9E0-0FD0C32FD96E}.Release|Mixed Platforms.ActiveCfg = Release|Win32
		{C759C42E-E972-4D0A-B9E0-0FD0C32FD96E}.Release|Mixed Platforms.Build.0 = Release|Win32
		{C759C42E-E972-4D0A-B9E0-0FD0C32FD96E}.Release|Win32.ActiveCfg = Release|Win32
		{C759C42E-E972-4D0A-B9E0-0FD0C32FD96E}.Release|Win32.Build.0 = Release|Win32
		{B84F7231-16CE-41D8-8C08-7B523FF4225B}.Debug|Any CPU.ActiveCfg = Debug|Win32
		{B84F7231-16CE-41D8-8C08-7B523FF4225B}.Debug|Mixed Platforms.ActiveCfg = Debug|Win32
		{B84F7231-16CE-41D8-8C08-7B523FF4225B}.Debug|Mixed Platforms.Build.0 = Debug|Win32
		{B84F7231-16CE-41D8-8C08-7B523FF4225B}.Debug|Win32.ActiveCfg = Debug|Win32
		{B84F7231-16CE-41D8-8C08-7B523FF4225B}.Debug|Win32.Build.0 = Debug|Win32
		{B84F7231-16CE-41D8-8C08-7B523FF4225B}.dummy|Any CPU.ActiveCfg = dummy|Win32
		{B84F7231-16CE-41D8-8C08-7B523FF4225B}.dummy|Mixed Platforms.ActiveCfg = dummy|Win32
		{B84F7231-16CE-41D8-8C08-7B523FF4225B}.dummy|Mixed Platforms.Build.0 = dummy|Win32
		{B84F7231-16CE-41D8-8C08-7B523FF4225B}.dummy|Win32.ActiveCfg = dummy|Win32
		{B84F7231-16CE-41D8-8C08-7B523FF4225B}.dummy|Win32.Build.0 = dummy|Win32
		{B84F7231-16CE-41D8-8C08-7B523FF4225B}.Release|Any CPU.ActiveCfg = Release|Win32
		{B84F7231-16CE-41D8-8C08-7B523FF4225B}.Release|Mixed Platforms.ActiveCfg = Release|Win32
		{B84F7231-16CE-41D8-8C08-7B523FF4225B}.Release|Mixed Platforms.Build.0 = Release|Win32
		{B84F7231-16CE-41D8-8C08-7B523FF4225B}.Release|Win32.ActiveCfg = Release|Win32
		{B84F7231-16CE-41D8-8C08-7B523FF4225B}.Release|Win32.Build.0 = Release|Win32
		{9BC43D5E-4781-4C11-8679-B9D6D4E2AAFA}.Debug|Any CPU.ActiveCfg = Debug|Win32
		{9BC43D5E-4781-4C11-8679-B9D6D4E2AAFA}.Debug|Mixed Platforms.ActiveCfg = Debug|Win32
		{9BC43D5E-4781-4C11-8679-B9D6D4E2AAFA}.Debug|Mixed Platforms.Build.0 = Debug|Win32
		{9BC43D5E-4781-4C11-8679-B9D6D4E2AAFA}.Debug|Win32.ActiveCfg = Debug|Win32
		{9BC43D5E-4781-4C11-8679-B9D6D4E2AAFA}.Debug|Win32.Build.0 = Debug|Win32
		{9BC43D5E-4781-4C11-8679-B9D6D4E2AAFA}.dummy|Any CPU.ActiveCfg = Debug|Win32
		{9BC43D5E-4781-4C11-8679-B9D6D4E2AAFA}.dummy|Mixed Platforms.ActiveCfg = Debug|Win32
		{9BC43D5E-4781-4C11-8679-B9D6D4E2AAFA}.dummy|Mixed Platforms.Build.0 = Debug|Win32
		{9BC43D5E-4781-4C11-8679-B9D6D4E2AAFA}.dummy|Win32.ActiveCfg = Debug|Win32
		{9BC43D5E-4781-4C11-8679-B9D6D4E2AAFA}.dummy|Win32.Build.0 = Debug|Win32
		{9BC43D5E-4781-4C11-8679-B9D6D4E2AAFA}.Release|Any CPU.ActiveCfg = Release|Win32
		{9BC43D5E-4781-4C11-8679-B9D6D4E2AAFA}.Release|Mixed Platforms.ActiveCfg = Release|Win32
		{9BC43D5E-4781-4C11-8679-B9D6D4E2AAFA}.Release|Mixed Platforms.Build.0 = Release|Win32
		{9BC43D5E-4781-4C11-8679-B9D6D4E2AAFA}.Release|Win32.ActiveCfg = Release|Win32
		{9BC43D5E-4781-4C11-8679-B9D6D4E2AAFA}.Release|Win32.Build.0 = Release|Win32
		{7B865A41-BDAD-4B06-A954-43E114EC2A83}.Debug|Any CPU.ActiveCfg = Debug|Win32
		{7B865A41-BDAD-4B06-A954-43E114EC2A83}.Debug|Mixed Platforms.ActiveCfg = Debug|Win32
		{7B865A41-BDAD-4B06-A954-43E114EC2A83}.Debug|Mixed Platforms.Build.0 = Debug|Win32
		{7B865A41-BDAD-4B06-A954-43E114EC2A83}.Debug|Win32.ActiveCfg = Debug|Win32
		{7B865A41-BDAD-4B06-A954-43E114EC2A83}.Debug|Win32.Build.0 = Debug|Win32
		{7B865A41-BDAD-4B06-A954-43E114EC2A83}.dummy|Any CPU.ActiveCfg = Debug|Win32
		{7B865A41-BDAD-4B06-A954-43E114EC2A83}.dummy|Mixed Platforms.ActiveCfg = Debug|Win32
		{7B865A41-BDAD-4B06-A954-43E114EC2A83}.dummy|Mixed Platforms.Build.0 = Debug|Win32
		{7B865A41-BDAD-4B06-A954-43E114EC2A83}.dummy|Win32.ActiveCfg = Debug|Win32
		{7B865A41-BDAD-4B06-A954-43E114EC2A83}.dummy|Win32.Build.0 = Debug|Win32
		{7B865A41-BDAD-4B06-A954-43E114EC2A83}.Release|Any CPU.ActiveCfg = Release|Win32
		{7B865A41-BDAD-4B06-A954-43E114EC2A83}.Release|Mixed Platforms.ActiveCfg = Release|Win32
		{7B865A41-BDAD-4B06-A954-43E114EC2A83}.Release|Mixed Platforms.Build.0 = Release|Win32
		{7B865A41-BDAD-4B06-A954-43E114EC2A83}.Release|Win32.ActiveCfg = Release|Win32
		{7B865A41-BDAD-4B06-A954-43E114EC2A83}.Release|Win32.Build.0 = Release|Win32
		{A86C5E61-4A06-469D-8213-0C1990A8219F}.Debug|Any CPU.ActiveCfg = Debug|Win32
		{A86C5E61-4A06-469D-8213-0C1990A8219F}.Debug|Mixed Platforms.ActiveCfg = Debug|Win32
		{A86C5E61-4A06-469D-8213-0C1990A8219F}.Debug|Mixed Platforms.Build.0 = Debug|Win32
		{A86C5E61-4A06-469D-8213-0C1990A8219F}.Debug|Win32.ActiveCfg = Debug|Win32
		{A86C5E61-4A06-469D-8213-0C1990A8219F}.Debug|Win32.Build.0 = Debug|Win32
		{A86C5E61-4A06-469D-8213-0C1990A8219F}.dummy|Any CPU.ActiveCfg = Debug|Win32
		{A86C5E61-4A06-469D-8213-0C1990A8219F}.dummy|Mixed Platforms.ActiveCfg = Debug|Win32
		{A86C5E61-4A06-469D-8213-0C1990A8219F}.dummy|Mixed Platforms.Build.0 = Debug|Win32
		{A86C5E61-4A06-469D-8213-0C1990A8219F}.dummy|Win32.ActiveCfg = Debug|Win32
		{A86C5E61-4A06-469D-8213-0C1990A8219F}.dummy|Win32.Build.0 = Debug|Win32
		{A86C5E61-4A06-469D-8213-0C1990A8219F}.Release|Any CPU.ActiveCfg = Release|Win32
		{A86C5E61-4A06-469D-8213-0C1990A8219F}.Release|Mixed Platforms.ActiveCfg = Release|Win32
		{A86C5E61-4A06-469D-8213-0C1990A8219F}.Release|Mixed Platforms.Build.0 = Release|Win32
		{A86C5E61-4A06-469D-8213-0C1990A8219F}.Release|Win32.ActiveCfg = Release|Win32
		{A86C5E61-4A06-469D-8213-0C1990A8219F}.Release|Win32.Build.0 = Release|Win32
		{7585E6F6-0BC7-4AA8-BE41-E3ACD6857878}.Debug|Any CPU.ActiveCfg = Debug|Win32
		{7585E6F6-0BC7-4AA8-BE41-E3ACD6857878}.Debug|Mixed Platforms.ActiveCfg = Debug|Win32
		{7585E6F6-0BC7-4AA8-BE41-E3ACD6857878}.Debug|Mixed Platforms.Build.0 = Debug|Win32
		{7585E6F6-0BC7-4AA8-BE41-E3ACD6857878}.Debug|Win32.ActiveCfg = Debug|Win32
		{7585E6F6-0BC7-4AA8-BE41-E3ACD6857878}.Debug|Win32.Build.0 = Debug|Win32
		{7585E6F6-0BC7-4AA8-BE41-E3ACD6857878}.dummy|Any CPU.ActiveCfg = Debug|Win32
		{7585E6F6-0BC7-4AA8-BE41-E3ACD6857878}.dummy|Mixed Platforms.ActiveCfg = Debug|Win32
		{7585E6F6-0BC7-4AA8-BE41-E3ACD6857878}.dummy|Mixed Platforms.Build.0 = Debug|Win32
		{7585E6F6-0BC7-4AA8-BE41-E3ACD6857878}.dummy|Win32.ActiveCfg = Debug|Win32
		{7585E6F6-0BC7-4AA8-BE41-E3ACD6857878}.dummy|Win32.Build.0 = Debug|Win32
		{7585E6F6-0BC7-4AA8-BE41-E3ACD6857878}.Release|Any CPU.ActiveCfg = Release|Win32
		{7585E6F6-0BC7-4AA8-BE41-E3ACD6857878}.Release|Mixed Platforms.ActiveCfg = Release|Win32
		{7585E6F6-0BC7-4AA8-BE41-E3ACD6857878}.Release|Mixed Platforms.Build.0 = Release|Win32
		{7585E6F6-0BC7-4AA8-BE41-E3ACD6857878}.Release|Win32.ActiveCfg = Release|Win32
		{7585E6F6-0BC7-4AA8-BE41-E3ACD6857878}.Release|Win32.Build.0 = Release|Win32
		{E439935D-B2A2-46AE-856D-2AA408428F33}.Debug|Any CPU.ActiveCfg = Debug|Any CPU
		{E439935D-B2A2-46AE-856D-2AA408428F33}.Debug|Any CPU.Build.0 = Debug|Any CPU
		{E439935D-B2A2-46AE-856D-2AA408428F33}.Debug|Mixed Platforms.ActiveCfg = Debug|Any CPU
		{E439935D-B2A2-46AE-856D-2AA408428F33}.Debug|Mixed Platforms.Build.0 = Debug|Any CPU
		{E439935D-B2A2-46AE-856D-2AA408428F33}.Debug|Win32.ActiveCfg = Debug|Any CPU
		{E439935D-B2A2-46AE-856D-2AA408428F33}.dummy|Any CPU.ActiveCfg = Debug|Any CPU
		{E439935D-B2A2-46AE-856D-2AA408428F33}.dummy|Any CPU.Build.0 = Debug|Any CPU
		{E439935D-B2A2-46AE-856D-2AA408428F33}.dummy|Mixed Platforms.ActiveCfg = Debug|Any CPU
		{E439935D-B2A2-46AE-856D-2AA408428F33}.dummy|Mixed Platforms.Build.0 = Debug|Any CPU
		{E439935D-B2A2-46AE-856D-2AA408428F33}.dummy|Win32.ActiveCfg = Debug|Any CPU
		{E439935D-B2A2-46AE-856D-2AA408428F33}.Release|Any CPU.ActiveCfg = Release|Any CPU
		{E439935D-B2A2-46AE-856D-2AA408428F33}.Release|Any CPU.Build.0 = Release|Any CPU
		{E439935D-B2A2-46AE-856D-2AA408428F33}.Release|Mixed Platforms.ActiveCfg = Release|Any CPU
		{E439935D-B2A2-46AE-856D-2AA408428F33}.Release|Mixed Platforms.Build.0 = Release|Any CPU
		{E439935D-B2A2-46AE-856D-2AA408428F33}.Release|Win32.ActiveCfg = Release|Any CPU
	EndGlobalSection
	GlobalSection(SolutionProperties) = preSolution
		HideSolutionNode = FALSE
	EndGlobalSection
	GlobalSection(NestedProjects) = preSolution
		{98A51BA8-FC3A-415B-AC8F-8C7BD464E93E} = {9AA53D9E-CBB6-40B7-973B-964EBE8B5D48}
		{F8EDD7FA-9A51-4E80-BAEB-860825D2EAC6} = {9AA53D9E-CBB6-40B7-973B-964EBE8B5D48}
		{21B2C324-891F-48EA-AD1A-5AE13DE12E28} = {9AA53D9E-CBB6-40B7-973B-964EBE8B5D48}
		{929480E7-23C0-4DF6-8456-096D71547116} = {9AA53D9E-CBB6-40B7-973B-964EBE8B5D48}
		{207BC7A9-CCF1-4F2F-A04D-45F72242AE25} = {9AA53D9E-CBB6-40B7-973B-964EBE8B5D48}
		{D5892D80-3FEE-40CE-B870-490CB498BC07} = {9AA53D9E-CBB6-40B7-973B-964EBE8B5D48}
		{C759C42E-E972-4D0A-B9E0-0FD0C32FD96E} = {9AA53D9E-CBB6-40B7-973B-964EBE8B5D48}
		{B84F7231-16CE-41D8-8C08-7B523FF4225B} = {9AA53D9E-CBB6-40B7-973B-964EBE8B5D48}
		{7585E6F6-0BC7-4AA8-BE41-E3ACD6857878} = {9AA53D9E-CBB6-40B7-973B-964EBE8B5D48}
		{4E6A7A0E-DDD8-4BAA-8B22-C964069364ED} = {F62373DC-CFBF-4DF5-BAAD-E34E1B591EC1}
		{9BC43D5E-4781-4C11-8679-B9D6D4E2AAFA} = {F62373DC-CFBF-4DF5-BAAD-E34E1B591EC1}
		{7B865A41-BDAD-4B06-A954-43E114EC2A83} = {F62373DC-CFBF-4DF5-BAAD-E34E1B591EC1}
		{A86C5E61-4A06-469D-8213-0C1990A8219F} = {F62373DC-CFBF-4DF5-BAAD-E34E1B591EC1}
	EndGlobalSection
EndGlobal
