<?xml version="1.0" encoding="utf-8"?>
<Project ToolsVersion="4.0" xmlns="http://schemas.microsoft.com/developer/msbuild/2003">
  <ItemGroup>
    <Filter Include="Source Files">
      <UniqueIdentifier>{4FC737F1-C7A5-4376-A066-2A32D752A2FF}</UniqueIdentifier>
      <Extensions>cpp;c;cc;cxx;def;odl;idl;hpj;bat;asm;asmx</Extensions>
    </Filter>
    <Filter Include="Header Files">
      <UniqueIdentifier>{93995380-89BD-4b04-88EB-625FBE52EBFB}</UniqueIdentifier>
      <Extensions>h;hh;hpp;hxx;hm;inl;inc;xsd</Extensions>
    </Filter>
    <Filter Include="Resource Files">
      <UniqueIdentifier>{67DA6AB6-F800-4c08-8B7A-83BB121AAD01}</UniqueIdentifier>
      <Extensions>rc;ico;cur;bmp;dlg;rc2;rct;bin;rgs;gif;jpg;jpeg;jpe;resx;tiff;tif;png;wav;mfcribbon-ms</Extensions>
    </Filter>
    <Filter Include="Header Files\Packets">
      <UniqueIdentifier>{622b621c-32ba-4d75-8662-3f1125868a95}</UniqueIdentifier>
    </Filter>
    <Filter Include="Header Files\Packets\Up">
      <UniqueIdentifier>{0594a259-8b35-4d65-b106-93f2652b777b}</UniqueIdentifier>
    </Filter>
    <Filter Include="Header Files\Packets\Down">
      <UniqueIdentifier>{d2b64089-b8a1-41e7-9008-9a8da873c247}</UniqueIdentifier>
    </Filter>
  </ItemGroup>
  <ItemGroup>
    <ClInclude Include="Network.h">
      <Filter>Header Files</Filter>
    </ClInclude>
    <ClInclude Include="Stdafx.h">
      <Filter>Header Files</Filter>
    </ClInclude>
    <ClInclude Include="resource.h">
      <Filter>Header Files</Filter>
    </ClInclude>
    <ClInclude Include="pb\bcdown.pb.h">
      <Filter>Header Files</Filter>
    </ClInclude>
    <ClInclude Include="pb\bcup.pb.h">
      <Filter>Header Files</Filter>
    </ClInclude>
    <ClInclude Include="pb\up.pb.h">
      <Filter>Header Files</Filter>
    </ClInclude>
    <ClInclude Include="Packets.h">
      <Filter>Header Files</Filter>
    </ClInclude>
    <ClInclude Include="pb\down.pb.h">
      <Filter>Header Files</Filter>
    </ClInclude>
    <ClInclude Include="Packets\Up_ActivityBigpackageInfo.h">
      <Filter>Header Files\Packets\Up</Filter>
    </ClInclude>
    <ClInclude Include="Packets\Up_ActivityBigpackageReset.h">
      <Filter>Header Files\Packets\Up</Filter>
    </ClInclude>
    <ClInclude Include="Packets\Up_ActivityBigpackageRewardInfo.h">
      <Filter>Header Files\Packets\Up</Filter>
    </ClInclude>
    <ClInclude Include="Packets\Up_ActivityInfo.h">
      <Filter>Header Files\Packets\Up</Filter>
    </ClInclude>
    <ClInclude Include="Packets\Up_ActivityLottoInfo.h">
      <Filter>Header Files\Packets\Up</Filter>
    </ClInclude>
    <ClInclude Include="Packets\Up_ActivityLottoReward.h">
      <Filter>Header Files\Packets\Up</Filter>
    </ClInclude>
    <ClInclude Include="Packets\Up_AskActivityInfo.h">
      <Filter>Header Files\Packets\Up</Filter>
    </ClInclude>
    <ClInclude Include="Packets\Up_AskDailyLogin.h">
      <Filter>Header Files\Packets\Up</Filter>
    </ClInclude>
    <ClInclude Include="Packets\Up_AskMagicsoul.h">
      <Filter>Header Files\Packets\Up</Filter>
    </ClInclude>
    <ClInclude Include="Packets\Up_BuySkillStrenPoint.h">
      <Filter>Header Files\Packets\Up</Filter>
    </ClInclude>
    <ClInclude Include="Packets\Up_BuyVitality.h">
      <Filter>Header Files\Packets\Up</Filter>
    </ClInclude>
    <ClInclude Include="Packets\Up_CdkeyGift.h">
      <Filter>Header Files\Packets\Up</Filter>
    </ClInclude>
    <ClInclude Include="Packets\Up_ChangeServer.h">
      <Filter>Header Files\Packets\Up</Filter>
    </ClInclude>
    <ClInclude Include="Packets\Up_ChangeTaskStatus.h">
      <Filter>Header Files\Packets\Up</Filter>
    </ClInclude>
    <ClInclude Include="Packets\Up_Charge.h">
      <Filter>Header Files\Packets\Up</Filter>
    </ClInclude>
    <ClInclude Include="Packets\Up_Chat.h">
      <Filter>Header Files\Packets\Up</Filter>
    </ClInclude>
    <ClInclude Include="Packets\Up_ConsumeItem.h">
      <Filter>Header Files\Packets\Up</Filter>
    </ClInclude>
    <ClInclude Include="Packets\Up_ContinuePay.h">
      <Filter>Header Files\Packets\Up</Filter>
    </ClInclude>
    <ClInclude Include="Packets\Up_DotInfo.h">
      <Filter>Header Files\Packets\Up</Filter>
    </ClInclude>
    <ClInclude Include="Packets\Up_EnterActStage.h">
      <Filter>Header Files\Packets\Up</Filter>
    </ClInclude>
    <ClInclude Include="Packets\Up_EnterStage.h">
      <Filter>Header Files\Packets\Up</Filter>
    </ClInclude>
    <ClInclude Include="Packets\Up_EquipSynthesis.h">
      <Filter>Header Files\Packets\Up</Filter>
    </ClInclude>
    <ClInclude Include="Packets\Up_EveryDayHappy.h">
      <Filter>Header Files\Packets\Up</Filter>
    </ClInclude>
    <ClInclude Include="Packets\Up_Excavate.h">
      <Filter>Header Files\Packets\Up</Filter>
    </ClInclude>
    <ClInclude Include="Packets\Up_ExitStage.h">
      <Filter>Header Files\Packets\Up</Filter>
    </ClInclude>
    <ClInclude Include="Packets\Up_FbAttention.h">
      <Filter>Header Files\Packets\Up</Filter>
    </ClInclude>
    <ClInclude Include="Packets\Up_FragmentCompose.h">
      <Filter>Header Files\Packets\Up</Filter>
    </ClInclude>
    <ClInclude Include="Packets\Up_GetMaillist.h">
      <Filter>Header Files\Packets\Up</Filter>
    </ClInclude>
    <ClInclude Include="Packets\Up_GetSvrTime.h">
      <Filter>Header Files\Packets\Up</Filter>
    </ClInclude>
    <ClInclude Include="Packets\Up_GetVipGift.h">
      <Filter>Header Files\Packets\Up</Filter>
    </ClInclude>
    <ClInclude Include="Packets\Up_GmCmd.h">
      <Filter>Header Files\Packets\Up</Filter>
    </ClInclude>
    <ClInclude Include="Packets\Up_Guild.h">
      <Filter>Header Files\Packets\Up</Filter>
    </ClInclude>
    <ClInclude Include="Packets\Up_HeroEquipUpgrade.h">
      <Filter>Header Files\Packets\Up</Filter>
    </ClInclude>
    <ClInclude Include="Packets\Up_HeroEvolve.h">
      <Filter>Header Files\Packets\Up</Filter>
    </ClInclude>
    <ClInclude Include="Packets\Up_HeroUpgrade.h">
      <Filter>Header Files\Packets\Up</Filter>
    </ClInclude>
    <ClInclude Include="Packets\Up_JobRewards.h">
      <Filter>Header Files\Packets\Up</Filter>
    </ClInclude>
    <ClInclude Include="Packets\Up_Ladder.h">
      <Filter>Header Files\Packets\Up</Filter>
    </ClInclude>
    <ClInclude Include="Packets\Up_Login.h">
      <Filter>Header Files\Packets\Up</Filter>
    </ClInclude>
    <ClInclude Include="Packets\Up_Midas.h">
      <Filter>Header Files\Packets\Up</Filter>
    </ClInclude>
    <ClInclude Include="Packets\Up_OpenShop.h">
      <Filter>Header Files\Packets\Up</Filter>
    </ClInclude>
    <ClInclude Include="Packets\Up_PushNotify.h">
      <Filter>Header Files\Packets\Up</Filter>
    </ClInclude>
    <ClInclude Include="Packets\Up_QueryActStage.h">
      <Filter>Header Files\Packets\Up</Filter>
    </ClInclude>
    <ClInclude Include="Packets\Up_QueryData.h">
      <Filter>Header Files\Packets\Up</Filter>
    </ClInclude>
    <ClInclude Include="Packets\Up_QueryRanklist.h">
      <Filter>Header Files\Packets\Up</Filter>
    </ClInclude>
    <ClInclude Include="Packets\Up_QueryReplay.h">
      <Filter>Header Files\Packets\Up</Filter>
    </ClInclude>
    <ClInclude Include="Packets\Up_QuerySplitData.h">
      <Filter>Header Files\Packets\Up</Filter>
    </ClInclude>
    <ClInclude Include="Packets\Up_QuerySplitReturn.h">
      <Filter>Header Files\Packets\Up</Filter>
    </ClInclude>
    <ClInclude Include="Packets\Up_ReadMail.h">
      <Filter>Header Files\Packets\Up</Filter>
    </ClInclude>
    <ClInclude Include="Packets\Up_RechargeRebate.h">
      <Filter>Header Files\Packets\Up</Filter>
    </ClInclude>
    <ClInclude Include="Packets\Up_ReportBattle.h">
      <Filter>Header Files\Packets\Up</Filter>
    </ClInclude>
    <ClInclude Include="Packets\Up_RequestGuildLog.h">
      <Filter>Header Files\Packets\Up</Filter>
    </ClInclude>
    <ClInclude Include="Packets\Up_RequestUpgradeArousalLevel.h">
      <Filter>Header Files\Packets\Up</Filter>
    </ClInclude>
    <ClInclude Include="Packets\Up_RequestUserinfo.h">
      <Filter>Header Files\Packets\Up</Filter>
    </ClInclude>
    <ClInclude Include="Packets\Up_RequireArousal.h">
      <Filter>Header Files\Packets\Up</Filter>
    </ClInclude>
    <ClInclude Include="Packets\Up_RequireRewards.h">
      <Filter>Header Files\Packets\Up</Filter>
    </ClInclude>
    <ClInclude Include="Packets\Up_ResetElite.h">
      <Filter>Header Files\Packets\Up</Filter>
    </ClInclude>
    <ClInclude Include="Packets\Up_SdkLogin.h">
      <Filter>Header Files\Packets\Up</Filter>
    </ClInclude>
    <ClInclude Include="Packets\Up_SellItem.h">
      <Filter>Header Files\Packets\Up</Filter>
    </ClInclude>
    <ClInclude Include="Packets\Up_SetAvatar.h">
      <Filter>Header Files\Packets\Up</Filter>
    </ClInclude>
    <ClInclude Include="Packets\Up_SetName.h">
      <Filter>Header Files\Packets\Up</Filter>
    </ClInclude>
    <ClInclude Include="Packets\Up_ShopConsume.h">
      <Filter>Header Files\Packets\Up</Filter>
    </ClInclude>
    <ClInclude Include="Packets\Up_ShopRefresh.h">
      <Filter>Header Files\Packets\Up</Filter>
    </ClInclude>
    <ClInclude Include="Packets\Up_SkillLevelup.h">
      <Filter>Header Files\Packets\Up</Filter>
    </ClInclude>
    <ClInclude Include="Packets\Up_SplitHero.h">
      <Filter>Header Files\Packets\Up</Filter>
    </ClInclude>
    <ClInclude Include="Packets\Up_String.h">
      <Filter>Header Files\Packets\Up</Filter>
    </ClInclude>
    <ClInclude Include="Packets\Up_SuspendReport.h">
      <Filter>Header Files\Packets\Up</Filter>
    </ClInclude>
    <ClInclude Include="Packets\Up_SweepStage.h">
      <Filter>Header Files\Packets\Up</Filter>
    </ClInclude>
    <ClInclude Include="Packets\Up_SyncSkillStren.h">
      <Filter>Header Files\Packets\Up</Filter>
    </ClInclude>
    <ClInclude Include="Packets\Up_SyncVitality.h">
      <Filter>Header Files\Packets\Up</Filter>
    </ClInclude>
    <ClInclude Include="Packets\Up_SystemSettingChange.h">
      <Filter>Header Files\Packets\Up</Filter>
    </ClInclude>
    <ClInclude Include="Packets\Up_TavernDraw.h">
      <Filter>Header Files\Packets\Up</Filter>
    </ClInclude>
    <ClInclude Include="Packets\Up_Tbc.h">
      <Filter>Header Files\Packets\Up</Filter>
    </ClInclude>
    <ClInclude Include="Packets\Up_TriggerJob.h">
      <Filter>Header Files\Packets\Up</Filter>
    </ClInclude>
    <ClInclude Include="Packets\Up_TriggerTask.h">
      <Filter>Header Files\Packets\Up</Filter>
    </ClInclude>
    <ClInclude Include="Packets\Up_Tutorial.h">
      <Filter>Header Files\Packets\Up</Filter>
    </ClInclude>
    <ClInclude Include="Packets\Up_UpMsg.h">
      <Filter>Header Files\Packets\Up</Filter>
    </ClInclude>
    <ClInclude Include="Packets\Up_WearEquip.h">
      <Filter>Header Files\Packets\Up</Filter>
    </ClInclude>
    <ClInclude Include="Packets\Up_Worldcup.h">
      <Filter>Header Files\Packets\Up</Filter>
    </ClInclude>
    <ClInclude Include="Packets\Down_ActivityBigpackageInfoReply.h">
      <Filter>Header Files\Packets\Down</Filter>
    </ClInclude>
    <ClInclude Include="Packets\Down_ActivityBigpackageResetReply.h">
      <Filter>Header Files\Packets\Down</Filter>
    </ClInclude>
    <ClInclude Include="Packets\Down_ActivityBigpackageRewardReply.h">
      <Filter>Header Files\Packets\Down</Filter>
    </ClInclude>
    <ClInclude Include="Packets\Down_ActivityInfos.h">
      <Filter>Header Files\Packets\Down</Filter>
    </ClInclude>
    <ClInclude Include="Packets\Down_ActivityLottoInfoReply.h">
      <Filter>Header Files\Packets\Down</Filter>
    </ClInclude>
    <ClInclude Include="Packets\Down_ActivityLottoRewardReply.h">
      <Filter>Header Files\Packets\Down</Filter>
    </ClInclude>
    <ClInclude Include="Packets\Down_AskDailyLoginReply.h">
      <Filter>Header Files\Packets\Down</Filter>
    </ClInclude>
    <ClInclude Include="Packets\Down_AskMagicsoulReply.h">
      <Filter>Header Files\Packets\Down</Filter>
    </ClInclude>
    <ClInclude Include="Packets\Down_BattleCheckFail.h">
      <Filter>Header Files\Packets\Down</Filter>
    </ClInclude>
    <ClInclude Include="Packets\Down_CdkeyGiftReply.h">
      <Filter>Header Files\Packets\Down</Filter>
    </ClInclude>
    <ClInclude Include="Packets\Down_ChangeServerReply.h">
      <Filter>Header Files\Packets\Down</Filter>
    </ClInclude>
    <ClInclude Include="Packets\Down_ChargeReply.h">
      <Filter>Header Files\Packets\Down</Filter>
    </ClInclude>
    <ClInclude Include="Packets\Down_ChatReply.h">
      <Filter>Header Files\Packets\Down</Filter>
    </ClInclude>
    <ClInclude Include="Packets\Down_ConsumeItemReply.h">
      <Filter>Header Files\Packets\Down</Filter>
    </ClInclude>
    <ClInclude Include="Packets\Down_ContinuePayReply.h">
      <Filter>Header Files\Packets\Down</Filter>
    </ClInclude>
    <ClInclude Include="Packets\Down_EnterStageReply.h">
      <Filter>Header Files\Packets\Down</Filter>
    </ClInclude>
    <ClInclude Include="Packets\Down_EquipSynthesisReply.h">
      <Filter>Header Files\Packets\Down</Filter>
    </ClInclude>
    <ClInclude Include="Packets\Down_ErrorInfo.h">
      <Filter>Header Files\Packets\Down</Filter>
    </ClInclude>
    <ClInclude Include="Packets\Down_EveryDayHappyReply.h">
      <Filter>Header Files\Packets\Down</Filter>
    </ClInclude>
    <ClInclude Include="Packets\Down_ExcavateReply.h">
      <Filter>Header Files\Packets\Down</Filter>
    </ClInclude>
    <ClInclude Include="Packets\Down_ExitStageReply.h">
      <Filter>Header Files\Packets\Down</Filter>
    </ClInclude>
    <ClInclude Include="Packets\Down_FbAttentionReply.h">
      <Filter>Header Files\Packets\Down</Filter>
    </ClInclude>
    <ClInclude Include="Packets\Down_FragmentComposeReply.h">
      <Filter>Header Files\Packets\Down</Filter>
    </ClInclude>
    <ClInclude Include="Packets\Down_GetMaillistReply.h">
      <Filter>Header Files\Packets\Down</Filter>
    </ClInclude>
    <ClInclude Include="Packets\Down_GetVipGiftReply.h">
      <Filter>Header Files\Packets\Down</Filter>
    </ClInclude>
    <ClInclude Include="Packets\Down_GuildReply.h">
      <Filter>Header Files\Packets\Down</Filter>
    </ClInclude>
    <ClInclude Include="Packets\Down_HeroEquipUpgradeReply.h">
      <Filter>Header Files\Packets\Down</Filter>
    </ClInclude>
    <ClInclude Include="Packets\Down_HeroEvolveReply.h">
      <Filter>Header Files\Packets\Down</Filter>
    </ClInclude>
    <ClInclude Include="Packets\Down_HeroUpgradeReply.h">
      <Filter>Header Files\Packets\Down</Filter>
    </ClInclude>
    <ClInclude Include="Packets\Down_JobRewardsReply.h">
      <Filter>Header Files\Packets\Down</Filter>
    </ClInclude>
    <ClInclude Include="Packets\Down_LadderReply.h">
      <Filter>Header Files\Packets\Down</Filter>
    </ClInclude>
    <ClInclude Include="Packets\Down_LoginReply.h">
      <Filter>Header Files\Packets\Down</Filter>
    </ClInclude>
    <ClInclude Include="Packets\Down_MidasReply.h">
      <Filter>Header Files\Packets\Down</Filter>
    </ClInclude>
    <ClInclude Include="Packets\Down_NotifyMsg.h">
      <Filter>Header Files\Packets\Down</Filter>
    </ClInclude>
    <ClInclude Include="Packets\Down_OpenShopReply.h">
      <Filter>Header Files\Packets\Down</Filter>
    </ClInclude>
    <ClInclude Include="Packets\Down_QueryDataReply.h">
      <Filter>Header Files\Packets\Down</Filter>
    </ClInclude>
    <ClInclude Include="Packets\Down_QueryRanklistReply.h">
      <Filter>Header Files\Packets\Down</Filter>
    </ClInclude>
    <ClInclude Include="Packets\Down_QueryReplay.h">
      <Filter>Header Files\Packets\Down</Filter>
    </ClInclude>
    <ClInclude Include="Packets\Down_QuerySplitDataReply.h">
      <Filter>Header Files\Packets\Down</Filter>
    </ClInclude>
    <ClInclude Include="Packets\Down_QuerySplitReturnReply.h">
      <Filter>Header Files\Packets\Down</Filter>
    </ClInclude>
    <ClInclude Include="Packets\Down_ReadMailReply.h">
      <Filter>Header Files\Packets\Down</Filter>
    </ClInclude>
    <ClInclude Include="Packets\Down_RechargeRebateReply.h">
      <Filter>Header Files\Packets\Down</Filter>
    </ClInclude>
    <ClInclude Include="Packets\Down_RequireRewardsReply.h">
      <Filter>Header Files\Packets\Down</Filter>
    </ClInclude>
    <ClInclude Include="Packets\Down_Reset.h">
      <Filter>Header Files\Packets\Down</Filter>
    </ClInclude>
    <ClInclude Include="Packets\Down_ResetEliteReply.h">
      <Filter>Header Files\Packets\Down</Filter>
    </ClInclude>
    <ClInclude Include="Packets\Down_SdkLoginReply.h">
      <Filter>Header Files\Packets\Down</Filter>
    </ClInclude>
    <ClInclude Include="Packets\Down_SellItemReply.h">
      <Filter>Header Files\Packets\Down</Filter>
    </ClInclude>
    <ClInclude Include="Packets\Down_SetAvatarReply.h">
      <Filter>Header Files\Packets\Down</Filter>
    </ClInclude>
    <ClInclude Include="Packets\Down_SetNameReply.h">
      <Filter>Header Files\Packets\Down</Filter>
    </ClInclude>
    <ClInclude Include="Packets\Down_ShopConsumeReply.h">
      <Filter>Header Files\Packets\Down</Filter>
    </ClInclude>
    <ClInclude Include="Packets\Down_SkillLevelupReply.h">
      <Filter>Header Files\Packets\Down</Filter>
    </ClInclude>
    <ClInclude Include="Packets\Down_SplitHeroReply.h">
      <Filter>Header Files\Packets\Down</Filter>
    </ClInclude>
    <ClInclude Include="Packets\Down_SuperLink.h">
      <Filter>Header Files\Packets\Down</Filter>
    </ClInclude>
    <ClInclude Include="Packets\Down_SweepStageReply.h">
      <Filter>Header Files\Packets\Down</Filter>
    </ClInclude>
    <ClInclude Include="Packets\Down_SyncSkillStrenReply.h">
      <Filter>Header Files\Packets\Down</Filter>
    </ClInclude>
    <ClInclude Include="Packets\Down_SyncVitalityReply.h">
      <Filter>Header Files\Packets\Down</Filter>
    </ClInclude>
    <ClInclude Include="Packets\Down_SystemSettingReply.h">
      <Filter>Header Files\Packets\Down</Filter>
    </ClInclude>
    <ClInclude Include="Packets\Down_TavernDrawReply.h">
      <Filter>Header Files\Packets\Down</Filter>
    </ClInclude>
    <ClInclude Include="Packets\Down_TbcReply.h">
      <Filter>Header Files\Packets\Down</Filter>
    </ClInclude>
    <ClInclude Include="Packets\Down_TriggerJobReply.h">
      <Filter>Header Files\Packets\Down</Filter>
    </ClInclude>
    <ClInclude Include="Packets\Down_TriggerTaskReply.h">
      <Filter>Header Files\Packets\Down</Filter>
    </ClInclude>
    <ClInclude Include="Packets\Down_TutorialReply.h">
      <Filter>Header Files\Packets\Down</Filter>
    </ClInclude>
    <ClInclude Include="Packets\Down_UserCheck.h">
      <Filter>Header Files\Packets\Down</Filter>
    </ClInclude>
    <ClInclude Include="Packets\Down_UserShop.h">
      <Filter>Header Files\Packets\Down</Filter>
    </ClInclude>
    <ClInclude Include="Packets\Down_WearEquipReply.h">
      <Filter>Header Files\Packets\Down</Filter>
    </ClInclude>
    <ClInclude Include="Packets\Down_WorldcupReply.h">
      <Filter>Header Files\Packets\Down</Filter>
    </ClInclude>
    <ClInclude Include="Packets\Down_ActivityInfoReply.h">
      <Filter>Header Files\Packets\Down</Filter>
    </ClInclude>
  </ItemGroup>
  <ItemGroup>
    <ClCompile Include="Network.cpp">
      <Filter>Source Files</Filter>
    </ClCompile>
    <ClCompile Include="AssemblyInfo.cpp">
      <Filter>Source Files</Filter>
    </ClCompile>
    <ClCompile Include="Stdafx.cpp">
      <Filter>Source Files</Filter>
    </ClCompile>
    <ClCompile Include="pb\bcdown.pb.cc">
      <Filter>Source Files</Filter>
    </ClCompile>
    <ClCompile Include="pb\bcup.pb.cc">
      <Filter>Source Files</Filter>
    </ClCompile>
    <ClCompile Include="pb\up.pb.cc">
      <Filter>Source Files</Filter>
    </ClCompile>
    <ClCompile Include="pb\down.pb.cc">
      <Filter>Source Files</Filter>
    </ClCompile>
  </ItemGroup>
  <ItemGroup>
    <ResourceCompile Include="app.rc">
      <Filter>Resource Files</Filter>
    </ResourceCompile>
  </ItemGroup>
  <ItemGroup>
    <Image Include="app.ico">
      <Filter>Resource Files</Filter>
    </Image>
  </ItemGroup>
</Project>