<?xml version="1.0" encoding="utf-8"?>
<Project ToolsVersion="4.0" xmlns="http://schemas.microsoft.com/developer/msbuild/2003">
  <ItemGroup>
    <Filter Include="lua">
      <UniqueIdentifier>{bbb0e6e4-93a5-45a8-a9fa-bcba25c9ce79}</UniqueIdentifier>
    </Filter>
    <Filter Include="tolua">
      <UniqueIdentifier>{243d29bc-c49a-4d05-8e2f-2c2f5858928a}</UniqueIdentifier>
    </Filter>
    <Filter Include="cocos2dx_support">
      <UniqueIdentifier>{bbe428ed-e8e5-4e3c-80c9-0e586814b884}</UniqueIdentifier>
    </Filter>
    <Filter Include="lpeg">
      <UniqueIdentifier>{b35cfc9f-b81b-4b67-8f70-d0c1bef3bee2}</UniqueIdentifier>
    </Filter>
    <Filter Include="bit">
      <UniqueIdentifier>{1da8843a-1077-4fb0-90a2-a3a197028544}</UniqueIdentifier>
    </Filter>
    <Filter Include="md5">
      <UniqueIdentifier>{e6744b36-be3e-44b0-b729-d6fdc7a2bb8a}</UniqueIdentifier>
    </Filter>
    <Filter Include="struct">
      <UniqueIdentifier>{79d9a182-084b-4ffa-aa04-1fa896ac4190}</UniqueIdentifier>
    </Filter>
    <Filter Include="socket">
      <UniqueIdentifier>{73113d75-14c6-4f71-a4b7-c20ecc566a59}</UniqueIdentifier>
    </Filter>
    <Filter Include="protocol">
      <UniqueIdentifier>{76b10ef4-58e1-450d-afbd-c997a7676b42}</UniqueIdentifier>
    </Filter>
  </ItemGroup>
  <ItemGroup>
    <ClCompile Include="..\lua\lapi.c">
      <Filter>lua</Filter>
    </ClCompile>
    <ClCompile Include="..\lua\lauxlib.c">
      <Filter>lua</Filter>
    </ClCompile>
    <ClCompile Include="..\lua\lbaselib.c">
      <Filter>lua</Filter>
    </ClCompile>
    <ClCompile Include="..\lua\lcode.c">
      <Filter>lua</Filter>
    </ClCompile>
    <ClCompile Include="..\lua\ldblib.c">
      <Filter>lua</Filter>
    </ClCompile>
    <ClCompile Include="..\lua\ldebug.c">
      <Filter>lua</Filter>
    </ClCompile>
    <ClCompile Include="..\lua\ldo.c">
      <Filter>lua</Filter>
    </ClCompile>
    <ClCompile Include="..\lua\ldump.c">
      <Filter>lua</Filter>
    </ClCompile>
    <ClCompile Include="..\lua\lfunc.c">
      <Filter>lua</Filter>
    </ClCompile>
    <ClCompile Include="..\lua\lgc.c">
      <Filter>lua</Filter>
    </ClCompile>
    <ClCompile Include="..\lua\linit.c">
      <Filter>lua</Filter>
    </ClCompile>
    <ClCompile Include="..\lua\liolib.c">
      <Filter>lua</Filter>
    </ClCompile>
    <ClCompile Include="..\lua\llex.c">
      <Filter>lua</Filter>
    </ClCompile>
    <ClCompile Include="..\lua\lmathlib.c">
      <Filter>lua</Filter>
    </ClCompile>
    <ClCompile Include="..\lua\lmem.c">
      <Filter>lua</Filter>
    </ClCompile>
    <ClCompile Include="..\lua\loadlib.c">
      <Filter>lua</Filter>
    </ClCompile>
    <ClCompile Include="..\lua\lobject.c">
      <Filter>lua</Filter>
    </ClCompile>
    <ClCompile Include="..\lua\lopcodes.c">
      <Filter>lua</Filter>
    </ClCompile>
    <ClCompile Include="..\lua\loslib.c">
      <Filter>lua</Filter>
    </ClCompile>
    <ClCompile Include="..\lua\lparser.c">
      <Filter>lua</Filter>
    </ClCompile>
    <ClCompile Include="..\lua\lstate.c">
      <Filter>lua</Filter>
    </ClCompile>
    <ClCompile Include="..\lua\lstring.c">
      <Filter>lua</Filter>
    </ClCompile>
    <ClCompile Include="..\lua\lstrlib.c">
      <Filter>lua</Filter>
    </ClCompile>
    <ClCompile Include="..\lua\ltable.c">
      <Filter>lua</Filter>
    </ClCompile>
    <ClCompile Include="..\lua\ltablib.c">
      <Filter>lua</Filter>
    </ClCompile>
    <ClCompile Include="..\lua\ltm.c">
      <Filter>lua</Filter>
    </ClCompile>
    <ClCompile Include="..\lua\lua.c">
      <Filter>lua</Filter>
    </ClCompile>
    <ClCompile Include="..\lua\lundump.c">
      <Filter>lua</Filter>
    </ClCompile>
    <ClCompile Include="..\lua\lvm.c">
      <Filter>lua</Filter>
    </ClCompile>
    <ClCompile Include="..\lua\lzio.c">
      <Filter>lua</Filter>
    </ClCompile>
    <ClCompile Include="..\lua\print.c">
      <Filter>lua</Filter>
    </ClCompile>
    <ClCompile Include="..\tolua\tolua_event.c">
      <Filter>tolua</Filter>
    </ClCompile>
    <ClCompile Include="..\tolua\tolua_is.c">
      <Filter>tolua</Filter>
    </ClCompile>
    <ClCompile Include="..\tolua\tolua_map.c">
      <Filter>tolua</Filter>
    </ClCompile>
    <ClCompile Include="..\tolua\tolua_push.c">
      <Filter>tolua</Filter>
    </ClCompile>
    <ClCompile Include="..\tolua\tolua_to.c">
      <Filter>tolua</Filter>
    </ClCompile>
    <ClCompile Include="..\cocos2dx_support\CCLuaEngine.cpp">
      <Filter>cocos2dx_support</Filter>
    </ClCompile>
    <ClCompile Include="..\cocos2dx_support\Cocos2dxLuaLoader.cpp">
      <Filter>cocos2dx_support</Filter>
    </ClCompile>
    <ClCompile Include="..\cocos2dx_support\LuaCocos2d.cpp">
      <Filter>cocos2dx_support</Filter>
    </ClCompile>
    <ClCompile Include="..\cocos2dx_support\tolua_fix.c">
      <Filter>cocos2dx_support</Filter>
    </ClCompile>
    <ClCompile Include="..\cocos2dx_support\CCLuaBridge.cpp">
      <Filter>cocos2dx_support</Filter>
    </ClCompile>
    <ClCompile Include="..\cocos2dx_support\CCLuaStack.cpp">
      <Filter>cocos2dx_support</Filter>
    </ClCompile>
    <ClCompile Include="..\cocos2dx_support\CCLuaValue.cpp">
      <Filter>cocos2dx_support</Filter>
    </ClCompile>
    <ClCompile Include="..\lpeg\lpcap.c">
      <Filter>lpeg</Filter>
    </ClCompile>
    <ClCompile Include="..\lpeg\lpcode.c">
      <Filter>lpeg</Filter>
    </ClCompile>
    <ClCompile Include="..\lpeg\lpprint.c">
      <Filter>lpeg</Filter>
    </ClCompile>
    <ClCompile Include="..\lpeg\lptree.c">
      <Filter>lpeg</Filter>
    </ClCompile>
    <ClCompile Include="..\lpeg\lpvm.c">
      <Filter>lpeg</Filter>
    </ClCompile>
    <ClCompile Include="..\LuaBitOp\bit.c">
      <Filter>bit</Filter>
    </ClCompile>
    <ClCompile Include="..\luasocket\auxiliar.c">
      <Filter>socket</Filter>
    </ClCompile>
    <ClCompile Include="..\luasocket\buffer.c">
      <Filter>socket</Filter>
    </ClCompile>
    <ClCompile Include="..\luasocket\except.c">
      <Filter>socket</Filter>
    </ClCompile>
    <ClCompile Include="..\luasocket\inet.c">
      <Filter>socket</Filter>
    </ClCompile>
    <ClCompile Include="..\luasocket\io.c">
      <Filter>socket</Filter>
    </ClCompile>
    <ClCompile Include="..\luasocket\luasocket.c">
      <Filter>socket</Filter>
    </ClCompile>
    <ClCompile Include="..\luasocket\mime.c">
      <Filter>socket</Filter>
    </ClCompile>
    <ClCompile Include="..\luasocket\options.c">
      <Filter>socket</Filter>
    </ClCompile>
    <ClCompile Include="..\luasocket\select.c">
      <Filter>socket</Filter>
    </ClCompile>
    <ClCompile Include="..\luasocket\tcp.c">
      <Filter>socket</Filter>
    </ClCompile>
    <ClCompile Include="..\luasocket\timeout.c">
      <Filter>socket</Filter>
    </ClCompile>
    <ClCompile Include="..\luasocket\udp.c">
      <Filter>socket</Filter>
    </ClCompile>
    <ClCompile Include="..\luasocket\wsocket.c">
      <Filter>socket</Filter>
    </ClCompile>
    <ClCompile Include="..\md5\ldes56.c">
      <Filter>md5</Filter>
    </ClCompile>
    <ClCompile Include="..\md5\md5lib.c">
      <Filter>md5</Filter>
    </ClCompile>
    <ClCompile Include="..\luastruct\struct.c">
      <Filter>struct</Filter>
    </ClCompile>
    <ClCompile Include="..\..\..\protocol\game_idl.cpp">
      <Filter>protocol</Filter>
    </ClCompile>
    <ClCompile Include="..\..\..\protocol\StringHlp.cpp">
      <Filter>protocol</Filter>
    </ClCompile>
    <ClCompile Include="..\..\..\protocol\xproto.cpp">
      <Filter>protocol</Filter>
    </ClCompile>
    <ClCompile Include="..\md5\md5.c">
      <Filter>md5</Filter>
    </ClCompile>
  </ItemGroup>
  <ItemGroup>
    <ClInclude Include="..\lua\lapi.h">
      <Filter>lua</Filter>
    </ClInclude>
    <ClInclude Include="..\lua\lauxlib.h">
      <Filter>lua</Filter>
    </ClInclude>
    <ClInclude Include="..\lua\lcode.h">
      <Filter>lua</Filter>
    </ClInclude>
    <ClInclude Include="..\lua\ldebug.h">
      <Filter>lua</Filter>
    </ClInclude>
    <ClInclude Include="..\lua\ldo.h">
      <Filter>lua</Filter>
    </ClInclude>
    <ClInclude Include="..\lua\lfunc.h">
      <Filter>lua</Filter>
    </ClInclude>
    <ClInclude Include="..\lua\lgc.h">
      <Filter>lua</Filter>
    </ClInclude>
    <ClInclude Include="..\lua\llex.h">
      <Filter>lua</Filter>
    </ClInclude>
    <ClInclude Include="..\lua\llimits.h">
      <Filter>lua</Filter>
    </ClInclude>
    <ClInclude Include="..\lua\lmem.h">
      <Filter>lua</Filter>
    </ClInclude>
    <ClInclude Include="..\lua\lobject.h">
      <Filter>lua</Filter>
    </ClInclude>
    <ClInclude Include="..\lua\lopcodes.h">
      <Filter>lua</Filter>
    </ClInclude>
    <ClInclude Include="..\lua\lparser.h">
      <Filter>lua</Filter>
    </ClInclude>
    <ClInclude Include="..\lua\lstate.h">
      <Filter>lua</Filter>
    </ClInclude>
    <ClInclude Include="..\lua\lstring.h">
      <Filter>lua</Filter>
    </ClInclude>
    <ClInclude Include="..\lua\ltable.h">
      <Filter>lua</Filter>
    </ClInclude>
    <ClInclude Include="..\lua\ltm.h">
      <Filter>lua</Filter>
    </ClInclude>
    <ClInclude Include="..\lua\lua.h">
      <Filter>lua</Filter>
    </ClInclude>
    <ClInclude Include="..\lua\luaconf.h">
      <Filter>lua</Filter>
    </ClInclude>
    <ClInclude Include="..\lua\lualib.h">
      <Filter>lua</Filter>
    </ClInclude>
    <ClInclude Include="..\lua\lundump.h">
      <Filter>lua</Filter>
    </ClInclude>
    <ClInclude Include="..\lua\lvm.h">
      <Filter>lua</Filter>
    </ClInclude>
    <ClInclude Include="..\lua\lzio.h">
      <Filter>lua</Filter>
    </ClInclude>
    <ClInclude Include="..\tolua\tolua++.h">
      <Filter>tolua</Filter>
    </ClInclude>
    <ClInclude Include="..\tolua\tolua_event.h">
      <Filter>tolua</Filter>
    </ClInclude>
    <ClInclude Include="..\cocos2dx_support\CCLuaEngine.h">
      <Filter>cocos2dx_support</Filter>
    </ClInclude>
    <ClInclude Include="..\cocos2dx_support\Cocos2dxLuaLoader.h">
      <Filter>cocos2dx_support</Filter>
    </ClInclude>
    <ClInclude Include="..\cocos2dx_support\LuaCocos2d.h">
      <Filter>cocos2dx_support</Filter>
    </ClInclude>
    <ClInclude Include="..\cocos2dx_support\tolua_fix.h">
      <Filter>cocos2dx_support</Filter>
    </ClInclude>
    <ClInclude Include="..\cocos2dx_support\CCLuaBridge.h">
      <Filter>cocos2dx_support</Filter>
    </ClInclude>
    <ClInclude Include="..\cocos2dx_support\CCLuaStack.h">
      <Filter>cocos2dx_support</Filter>
    </ClInclude>
    <ClInclude Include="..\cocos2dx_support\CCLuaValue.h">
      <Filter>cocos2dx_support</Filter>
    </ClInclude>
    <ClInclude Include="..\lpeg\lpcap.h">
      <Filter>lpeg</Filter>
    </ClInclude>
    <ClInclude Include="..\lpeg\lpcode.h">
      <Filter>lpeg</Filter>
    </ClInclude>
    <ClInclude Include="..\lpeg\lpprint.h">
      <Filter>lpeg</Filter>
    </ClInclude>
    <ClInclude Include="..\lpeg\lptree.h">
      <Filter>lpeg</Filter>
    </ClInclude>
    <ClInclude Include="..\lpeg\lptypes.h">
      <Filter>lpeg</Filter>
    </ClInclude>
    <ClInclude Include="..\lpeg\lpvm.h">
      <Filter>lpeg</Filter>
    </ClInclude>
    <ClInclude Include="..\luasocket\auxiliar.h">
      <Filter>socket</Filter>
    </ClInclude>
    <ClInclude Include="..\luasocket\buffer.h">
      <Filter>socket</Filter>
    </ClInclude>
    <ClInclude Include="..\luasocket\except.h">
      <Filter>socket</Filter>
    </ClInclude>
    <ClInclude Include="..\luasocket\inet.h">
      <Filter>socket</Filter>
    </ClInclude>
    <ClInclude Include="..\luasocket\io.h">
      <Filter>socket</Filter>
    </ClInclude>
    <ClInclude Include="..\luasocket\luasocket.h">
      <Filter>socket</Filter>
    </ClInclude>
    <ClInclude Include="..\luasocket\mime.h">
      <Filter>socket</Filter>
    </ClInclude>
    <ClInclude Include="..\luasocket\options.h">
      <Filter>socket</Filter>
    </ClInclude>
    <ClInclude Include="..\luasocket\select.h">
      <Filter>socket</Filter>
    </ClInclude>
    <ClInclude Include="..\luasocket\socket.h">
      <Filter>socket</Filter>
    </ClInclude>
    <ClInclude Include="..\luasocket\tcp.h">
      <Filter>socket</Filter>
    </ClInclude>
    <ClInclude Include="..\luasocket\timeout.h">
      <Filter>socket</Filter>
    </ClInclude>
    <ClInclude Include="..\luasocket\udp.h">
      <Filter>socket</Filter>
    </ClInclude>
    <ClInclude Include="..\luasocket\wsocket.h">
      <Filter>socket</Filter>
    </ClInclude>
    <ClInclude Include="..\md5\ldes56.h">
      <Filter>md5</Filter>
    </ClInclude>
    <ClInclude Include="..\..\..\protocol\beanip.h">
      <Filter>protocol</Filter>
    </ClInclude>
    <ClInclude Include="..\..\..\protocol\game_idl.h">
      <Filter>protocol</Filter>
    </ClInclude>
    <ClInclude Include="..\..\..\protocol\StringHlp.h">
      <Filter>protocol</Filter>
    </ClInclude>
    <ClInclude Include="..\..\..\protocol\xproto.h">
      <Filter>protocol</Filter>
    </ClInclude>
  </ItemGroup>
</Project>